
Microsoft Visual Studio Solution File, Format Version 12.00
# Visual Studio 14
VisualStudioVersion = 14.0.23107.0
MinimumVisualStudioVersion = 10.0.40219.1
Project("{FAE04EC0-301F-11D3-BF4B-00C04F79EFBC}") = "GCDAlgorithms", "GCD\GCDAlgorithms.csproj", "{8E3D6205-8F95-48D8-BC06-0DA716D441BA}"
EndProject
Project("{FAE04EC0-301F-11D3-BF4B-00C04F79EFBC}") = "GCDTest", "GCDTest\GCDTest.csproj", "{4246557B-C855-44B1-A4F4-9527A057DA4B}"
EndProject
Global
	GlobalSection(SolutionConfigurationPlatforms) = preSolution
		Debug|Any CPU = Debug|Any CPU
		Release|Any CPU = Release|Any CPU
	EndGlobalSection
	GlobalSection(ProjectConfigurationPlatforms) = postSolution
		{8E3D6205-8F95-48D8-BC06-0DA716D441BA}.Debug|Any CPU.ActiveCfg = Debug|Any CPU
		{8E3D6205-8F95-48D8-BC06-0DA716D441BA}.Debug|Any CPU.Build.0 = Debug|Any CPU
		{8E3D6205-8F95-48D8-BC06-0DA716D441BA}.Release|Any CPU.ActiveCfg = Release|Any CPU
		{8E3D6205-8F95-48D8-BC06-0DA716D441BA}.Release|Any CPU.Build.0 = Release|Any CPU
		{4246557B-C855-44B1-A4F4-9527A057DA4B}.Debug|Any CPU.ActiveCfg = Debug|Any CPU
		{4246557B-C855-44B1-A4F4-9527A057DA4B}.Debug|Any CPU.Build.0 = Debug|Any CPU
		{4246557B-C855-44B1-A4F4-9527A057DA4B}.Release|Any CPU.ActiveCfg = Release|Any CPU
		{4246557B-C855-44B1-A4F4-9527A057DA4B}.Release|Any CPU.Build.0 = Release|Any CPU
	EndGlobalSection
	GlobalSection(SolutionProperties) = preSolution
		HideSolutionNode = FALSE
	EndGlobalSection
EndGlobal
